// !$*UTF8*$!
{
	archiveVersion = 1;
	classes = {
	};
	objectVersion = 46;
	objects = {

/* Begin PBXBuildFile section */
		D00E84F71892A96B00CA97D9 /* AFNetworkActivityIndicatorManager.m in Sources */ = {isa = PBXBuildFile; fileRef = D00E84E91892A96B00CA97D9 /* AFNetworkActivityIndicatorManager.m */; };
		D00E84F81892A96B00CA97D9 /* UIActivityIndicatorView+AFNetworking.m in Sources */ = {isa = PBXBuildFile; fileRef = D00E84EB1892A96B00CA97D9 /* UIActivityIndicatorView+AFNetworking.m */; };
		D00E84F91892A96B00CA97D9 /* UIAlertView+AFNetworking.m in Sources */ = {isa = PBXBuildFile; fileRef = D00E84ED1892A96B00CA97D9 /* UIAlertView+AFNetworking.m */; };
		D00E84FA1892A96B00CA97D9 /* UIButton+AFNetworking.m in Sources */ = {isa = PBXBuildFile; fileRef = D00E84EF1892A96B00CA97D9 /* UIButton+AFNetworking.m */; };
		D00E84FB1892A96B00CA97D9 /* UIImageView+AFNetworking.m in Sources */ = {isa = PBXBuildFile; fileRef = D00E84F11892A96B00CA97D9 /* UIImageView+AFNetworking.m */; };
		D00E84FC1892A96B00CA97D9 /* UIProgressView+AFNetworking.m in Sources */ = {isa = PBXBuildFile; fileRef = D00E84F41892A96B00CA97D9 /* UIProgressView+AFNetworking.m */; };
		D00E84FD1892A96B00CA97D9 /* UIWebView+AFNetworking.m in Sources */ = {isa = PBXBuildFile; fileRef = D00E84F61892A96B00CA97D9 /* UIWebView+AFNetworking.m */; };
		D026A8F31890F51C0094ACBD /* scan_active@2x.png in Resources */ = {isa = PBXBuildFile; fileRef = D026A8F21890F51C0094ACBD /* scan_active@2x.png */; };
		D026A8F51890F6D50094ACBD /* location-active@2x.png in Resources */ = {isa = PBXBuildFile; fileRef = D026A8F41890F6D50094ACBD /* location-active@2x.png */; };
		D026A9081890FA3A0094ACBD /* bitstream.c in Sources */ = {isa = PBXBuildFile; fileRef = D026A8F81890FA3A0094ACBD /* bitstream.c */; };
		D026A9091890FA3A0094ACBD /* mask.c in Sources */ = {isa = PBXBuildFile; fileRef = D026A8FA1890FA3A0094ACBD /* mask.c */; };
		D026A90A1890FA3A0094ACBD /* qrencode.c in Sources */ = {isa = PBXBuildFile; fileRef = D026A8FC1890FA3A0094ACBD /* qrencode.c */; };
		D026A90B1890FA3A0094ACBD /* qrinput.c in Sources */ = {isa = PBXBuildFile; fileRef = D026A8FE1890FA3A0094ACBD /* qrinput.c */; };
		D026A90C1890FA3A0094ACBD /* qrspec.c in Sources */ = {isa = PBXBuildFile; fileRef = D026A9001890FA3A0094ACBD /* qrspec.c */; };
		D026A90D1890FA3A0094ACBD /* rscode.c in Sources */ = {isa = PBXBuildFile; fileRef = D026A9021890FA3A0094ACBD /* rscode.c */; };
		D026A90E1890FA3A0094ACBD /* split.c in Sources */ = {isa = PBXBuildFile; fileRef = D026A9041890FA3A0094ACBD /* split.c */; };
		D026A90F1890FA3A0094ACBD /* UIImage+MDQRCode.m in Sources */ = {isa = PBXBuildFile; fileRef = D026A9071890FA3A0094ACBD /* UIImage+MDQRCode.m */; };
		D026A911189100850094ACBD /* info-scan@2x.png in Resources */ = {isa = PBXBuildFile; fileRef = D026A910189100850094ACBD /* info-scan@2x.png */; };
		D037FDAD188A2E8B009E36D3 /* cell@2x.png in Resources */ = {isa = PBXBuildFile; fileRef = D037FDAC188A2E8B009E36D3 /* cell@2x.png */; };
		D037FDB1188A3732009E36D3 /* myplaceDetailViewController.m in Sources */ = {isa = PBXBuildFile; fileRef = D037FDB0188A3732009E36D3 /* myplaceDetailViewController.m */; };
		D0699ED61876E6BD0029F6FD /* Foundation.framework in Frameworks */ = {isa = PBXBuildFile; fileRef = D0699ED51876E6BD0029F6FD /* Foundation.framework */; };
		D0699ED81876E6BD0029F6FD /* CoreGraphics.framework in Frameworks */ = {isa = PBXBuildFile; fileRef = D0699ED71876E6BD0029F6FD /* CoreGraphics.framework */; };
		D0699EDA1876E6BD0029F6FD /* UIKit.framework in Frameworks */ = {isa = PBXBuildFile; fileRef = D0699ED91876E6BD0029F6FD /* UIKit.framework */; };
		D0699EE01876E6BD0029F6FD /* InfoPlist.strings in Resources */ = {isa = PBXBuildFile; fileRef = D0699EDE1876E6BD0029F6FD /* InfoPlist.strings */; };
		D0699EE21876E6BD0029F6FD /* main.m in Sources */ = {isa = PBXBuildFile; fileRef = D0699EE11876E6BD0029F6FD /* main.m */; };
		D0699EE61876E6BD0029F6FD /* blincAppDelegate.m in Sources */ = {isa = PBXBuildFile; fileRef = D0699EE51876E6BD0029F6FD /* blincAppDelegate.m */; };
		D0699EE81876E6BD0029F6FD /* Images.xcassets in Resources */ = {isa = PBXBuildFile; fileRef = D0699EE71876E6BD0029F6FD /* Images.xcassets */; };
		D0699EEF1876E6BD0029F6FD /* XCTest.framework in Frameworks */ = {isa = PBXBuildFile; fileRef = D0699EEE1876E6BD0029F6FD /* XCTest.framework */; };
		D0699EF01876E6BD0029F6FD /* Foundation.framework in Frameworks */ = {isa = PBXBuildFile; fileRef = D0699ED51876E6BD0029F6FD /* Foundation.framework */; };
		D0699EF11876E6BD0029F6FD /* UIKit.framework in Frameworks */ = {isa = PBXBuildFile; fileRef = D0699ED91876E6BD0029F6FD /* UIKit.framework */; };
		D0699EF91876E6BD0029F6FD /* InfoPlist.strings in Resources */ = {isa = PBXBuildFile; fileRef = D0699EF71876E6BD0029F6FD /* InfoPlist.strings */; };
		D0699EFB1876E6BD0029F6FD /* BlincTests.m in Sources */ = {isa = PBXBuildFile; fileRef = D0699EFA1876E6BD0029F6FD /* BlincTests.m */; };
		D0699F0F1876EABB0029F6FD /* blinc-bg@2x.png in Resources */ = {isa = PBXBuildFile; fileRef = D0699F0E1876EABB0029F6FD /* blinc-bg@2x.png */; };
		D0928FBE189021B5001F185F /* RDVTabBar.m in Sources */ = {isa = PBXBuildFile; fileRef = D0928FB9189021B5001F185F /* RDVTabBar.m */; };
		D0928FBF189021B5001F185F /* RDVTabBarController.m in Sources */ = {isa = PBXBuildFile; fileRef = D0928FBB189021B5001F185F /* RDVTabBarController.m */; };
		D0928FC0189021B5001F185F /* RDVTabBarItem.m in Sources */ = {isa = PBXBuildFile; fileRef = D0928FBD189021B5001F185F /* RDVTabBarItem.m */; };
		D0A289381891451E00F6463D /* cell-selection@2x.png in Resources */ = {isa = PBXBuildFile; fileRef = D0A289371891451E00F6463D /* cell-selection@2x.png */; };
		D0A2893A1891642100F6463D /* point-here@2x.png in Resources */ = {isa = PBXBuildFile; fileRef = D0A289391891642100F6463D /* point-here@2x.png */; };
		D0A2893C1891656A00F6463D /* see-rewards@2x.png in Resources */ = {isa = PBXBuildFile; fileRef = D0A2893B1891656A00F6463D /* see-rewards@2x.png */; };
		D0B9CFAB1888B46600FC636D /* register-login-form@2x.png in Resources */ = {isa = PBXBuildFile; fileRef = D0B9CFAA1888B46600FC636D /* register-login-form@2x.png */; };
		D0B9CFAD1888C2CE00FC636D /* register-button@2x.png in Resources */ = {isa = PBXBuildFile; fileRef = D0B9CFAC1888C2CE00FC636D /* register-button@2x.png */; };
		D0BECB8E1886BE4A00D4A00F /* navbar@2x.png in Resources */ = {isa = PBXBuildFile; fileRef = D0BECB8D1886BE4A00D4A00F /* navbar@2x.png */; };
		D0BECB941886C67A00D4A00F /* ICETutorialController.m in Sources */ = {isa = PBXBuildFile; fileRef = D0BECB911886C67A00D4A00F /* ICETutorialController.m */; };
		D0BECB951886C67A00D4A00F /* ICETutorialPage.m in Sources */ = {isa = PBXBuildFile; fileRef = D0BECB931886C67A00D4A00F /* ICETutorialPage.m */; };
		D0BECB991886C7B100D4A00F /* ICETutorialController_iPhone.xib in Resources */ = {isa = PBXBuildFile; fileRef = D0BECB971886C7B100D4A00F /* ICETutorialController_iPhone.xib */; };
		D0BECB9A1886C7B100D4A00F /* ICETutorialController_iPhone4.xib in Resources */ = {isa = PBXBuildFile; fileRef = D0BECB981886C7B100D4A00F /* ICETutorialController_iPhone4.xib */; };
		D0BECBD21886CDF900D4A00F /* 1@2x.png in Resources */ = {isa = PBXBuildFile; fileRef = D0BECBCD1886CDF900D4A00F /* 1@2x.png */; };
		D0BECBD31886CDF900D4A00F /* 1-568h@2x.png in Resources */ = {isa = PBXBuildFile; fileRef = D0BECBCF1886CDF900D4A00F /* 1-568h@2x.png */; };
		D0BECBD41886CDF900D4A00F /* login@2x.png in Resources */ = {isa = PBXBuildFile; fileRef = D0BECBD01886CDF900D4A00F /* login@2x.png */; };
		D0BECBD51886CDF900D4A00F /* register@2x.png in Resources */ = {isa = PBXBuildFile; fileRef = D0BECBD11886CDF900D4A00F /* register@2x.png */; };
		D0C0E8111888035E0025AE95 /* blincRegisterViewController.m in Sources */ = {isa = PBXBuildFile; fileRef = D0C0E8101888035E0025AE95 /* blincRegisterViewController.m */; };
		D0C0E81318880C810025AE95 /* close@2x.png in Resources */ = {isa = PBXBuildFile; fileRef = D0C0E81218880C810025AE95 /* close@2x.png */; };
		D0C0F5931888CC6000A67017 /* login-button@2x.png in Resources */ = {isa = PBXBuildFile; fileRef = D0C0F5921888CC6000A67017 /* login-button@2x.png */; };
		D0C0F5971888CE2D00A67017 /* blincGate.m in Sources */ = {isa = PBXBuildFile; fileRef = D0C0F5961888CE2D00A67017 /* blincGate.m */; };
		D0C0F5991888CE4800A67017 /* AVFoundation.framework in Frameworks */ = {isa = PBXBuildFile; fileRef = D0C0F5981888CE4800A67017 /* AVFoundation.framework */; };
		D0C0F59B1888CE5100A67017 /* CoreMedia.framework in Frameworks */ = {isa = PBXBuildFile; fileRef = D0C0F59A1888CE5100A67017 /* CoreMedia.framework */; };
		D0C0F59D1888CE5B00A67017 /* CoreVideo.framework in Frameworks */ = {isa = PBXBuildFile; fileRef = D0C0F59C1888CE5B00A67017 /* CoreVideo.framework */; };
		D0C0F59F1888CE6B00A67017 /* libiconv.dylib in Frameworks */ = {isa = PBXBuildFile; fileRef = D0C0F59E1888CE6B00A67017 /* libiconv.dylib */; };
		D0C0F5A21888DB4600A67017 /* MapKit.framework in Frameworks */ = {isa = PBXBuildFile; fileRef = D0C0F5A11888DB4600A67017 /* MapKit.framework */; };
		D0EB80791889137D00120627 /* netraNetwork.m in Sources */ = {isa = PBXBuildFile; fileRef = D0EB80781889137D00120627 /* netraNetwork.m */; };
		D0EB807C188913EE00120627 /* orc.m in Sources */ = {isa = PBXBuildFile; fileRef = D0EB807B188913EE00120627 /* orc.m */; };
		D0EB807E188915CC00120627 /* MobileCoreServices.framework in Frameworks */ = {isa = PBXBuildFile; fileRef = D0EB807D188915CB00120627 /* MobileCoreServices.framework */; };
		D0EB8080188915D100120627 /* Security.framework in Frameworks */ = {isa = PBXBuildFile; fileRef = D0EB807F188915D100120627 /* Security.framework */; };
		D0EB80821889162500120627 /* SystemConfiguration.framework in Frameworks */ = {isa = PBXBuildFile; fileRef = D0EB80811889162500120627 /* SystemConfiguration.framework */; };
		D0EB80A118891F0E00120627 /* qrcodeViewController.m in Sources */ = {isa = PBXBuildFile; fileRef = D0EB80A018891F0E00120627 /* qrcodeViewController.m */; };
		D0EB80A418891F2100120627 /* myPlaceViewController.m in Sources */ = {isa = PBXBuildFile; fileRef = D0EB80A318891F2100120627 /* myPlaceViewController.m */; };
		D0EB80A718891F4900120627 /* nearbyPlaceViewController.m in Sources */ = {isa = PBXBuildFile; fileRef = D0EB80A618891F4900120627 /* nearbyPlaceViewController.m */; };
		D0EB80A91889234900120627 /* nav-qr@2x.png in Resources */ = {isa = PBXBuildFile; fileRef = D0EB80A81889234900120627 /* nav-qr@2x.png */; };
		D0EB80AD1889298700120627 /* location@2x.png in Resources */ = {isa = PBXBuildFile; fileRef = D0EB80AB1889298700120627 /* location@2x.png */; };
		D0EB80AE1889298700120627 /* scan@2x.png in Resources */ = {isa = PBXBuildFile; fileRef = D0EB80AC1889298700120627 /* scan@2x.png */; };
		D0EB80B018892B7700120627 /* my-place@2x.png in Resources */ = {isa = PBXBuildFile; fileRef = D0EB80AF18892B7700120627 /* my-place@2x.png */; };
		D0EB80B218892E1600120627 /* my-place-active@2x.png in Resources */ = {isa = PBXBuildFile; fileRef = D0EB80B118892E1600120627 /* my-place-active@2x.png */; };
		D0EB80B418894A0900120627 /* tab@2x.png in Resources */ = {isa = PBXBuildFile; fileRef = D0EB80B318894A0900120627 /* tab@2x.png */; };
		D0EB80B61889500700120627 /* overlay@2x.png in Resources */ = {isa = PBXBuildFile; fileRef = D0EB80B51889500700120627 /* overlay@2x.png */; };
		D0EB80BA1889517C00120627 /* blincCell.m in Sources */ = {isa = PBXBuildFile; fileRef = D0EB80B91889517C00120627 /* blincCell.m */; };
		D0EE9F2918856F13001FF050 /* blincLoginViewController.m in Sources */ = {isa = PBXBuildFile; fileRef = D0EE9F2618856F13001FF050 /* blincLoginViewController.m */; };
		D0EE9F61188576CE001FF050 /* AFHTTPRequestOperation.m in Sources */ = {isa = PBXBuildFile; fileRef = D0EE9F4F188576CE001FF050 /* AFHTTPRequestOperation.m */; };
		D0EE9F62188576CE001FF050 /* AFHTTPRequestOperationManager.m in Sources */ = {isa = PBXBuildFile; fileRef = D0EE9F51188576CE001FF050 /* AFHTTPRequestOperationManager.m */; };
		D0EE9F63188576CE001FF050 /* AFHTTPSessionManager.m in Sources */ = {isa = PBXBuildFile; fileRef = D0EE9F53188576CE001FF050 /* AFHTTPSessionManager.m */; };
		D0EE9F64188576CE001FF050 /* AFNetworkReachabilityManager.m in Sources */ = {isa = PBXBuildFile; fileRef = D0EE9F56188576CE001FF050 /* AFNetworkReachabilityManager.m */; };
		D0EE9F65188576CE001FF050 /* AFSecurityPolicy.m in Sources */ = {isa = PBXBuildFile; fileRef = D0EE9F58188576CE001FF050 /* AFSecurityPolicy.m */; };
		D0EE9F66188576CE001FF050 /* AFURLConnectionOperation.m in Sources */ = {isa = PBXBuildFile; fileRef = D0EE9F5A188576CE001FF050 /* AFURLConnectionOperation.m */; };
		D0EE9F67188576CE001FF050 /* AFURLRequestSerialization.m in Sources */ = {isa = PBXBuildFile; fileRef = D0EE9F5C188576CE001FF050 /* AFURLRequestSerialization.m */; };
		D0EE9F68188576CE001FF050 /* AFURLResponseSerialization.m in Sources */ = {isa = PBXBuildFile; fileRef = D0EE9F5E188576CE001FF050 /* AFURLResponseSerialization.m */; };
		D0EE9F69188576CE001FF050 /* AFURLSessionManager.m in Sources */ = {isa = PBXBuildFile; fileRef = D0EE9F60188576CE001FF050 /* AFURLSessionManager.m */; };
/* End PBXBuildFile section */

/* Begin PBXContainerItemProxy section */
		D0699EF21876E6BD0029F6FD /* PBXContainerItemProxy */ = {
			isa = PBXContainerItemProxy;
			containerPortal = D0699ECA1876E6BD0029F6FD /* Project object */;
			proxyType = 1;
			remoteGlobalIDString = D0699ED11876E6BD0029F6FD;
			remoteInfo = Blinc;
		};
/* End PBXContainerItemProxy section */

/* Begin PBXFileReference section */
		D00E84E81892A96B00CA97D9 /* AFNetworkActivityIndicatorManager.h */ = {isa = PBXFileReference; fileEncoding = 4; lastKnownFileType = sourcecode.c.h; path = AFNetworkActivityIndicatorManager.h; sourceTree = "<group>"; };
		D00E84E91892A96B00CA97D9 /* AFNetworkActivityIndicatorManager.m */ = {isa = PBXFileReference; fileEncoding = 4; lastKnownFileType = sourcecode.c.objc; path = AFNetworkActivityIndicatorManager.m; sourceTree = "<group>"; };
		D00E84EA1892A96B00CA97D9 /* UIActivityIndicatorView+AFNetworking.h */ = {isa = PBXFileReference; fileEncoding = 4; lastKnownFileType = sourcecode.c.h; path = "UIActivityIndicatorView+AFNetworking.h"; sourceTree = "<group>"; };
		D00E84EB1892A96B00CA97D9 /* UIActivityIndicatorView+AFNetworking.m */ = {isa = PBXFileReference; fileEncoding = 4; lastKnownFileType = sourcecode.c.objc; path = "UIActivityIndicatorView+AFNetworking.m"; sourceTree = "<group>"; };
		D00E84EC1892A96B00CA97D9 /* UIAlertView+AFNetworking.h */ = {isa = PBXFileReference; fileEncoding = 4; lastKnownFileType = sourcecode.c.h; path = "UIAlertView+AFNetworking.h"; sourceTree = "<group>"; };
		D00E84ED1892A96B00CA97D9 /* UIAlertView+AFNetworking.m */ = {isa = PBXFileReference; fileEncoding = 4; lastKnownFileType = sourcecode.c.objc; path = "UIAlertView+AFNetworking.m"; sourceTree = "<group>"; };
		D00E84EE1892A96B00CA97D9 /* UIButton+AFNetworking.h */ = {isa = PBXFileReference; fileEncoding = 4; lastKnownFileType = sourcecode.c.h; path = "UIButton+AFNetworking.h"; sourceTree = "<group>"; };
		D00E84EF1892A96B00CA97D9 /* UIButton+AFNetworking.m */ = {isa = PBXFileReference; fileEncoding = 4; lastKnownFileType = sourcecode.c.objc; path = "UIButton+AFNetworking.m"; sourceTree = "<group>"; };
		D00E84F01892A96B00CA97D9 /* UIImageView+AFNetworking.h */ = {isa = PBXFileReference; fileEncoding = 4; lastKnownFileType = sourcecode.c.h; path = "UIImageView+AFNetworking.h"; sourceTree = "<group>"; };
		D00E84F11892A96B00CA97D9 /* UIImageView+AFNetworking.m */ = {isa = PBXFileReference; fileEncoding = 4; lastKnownFileType = sourcecode.c.objc; path = "UIImageView+AFNetworking.m"; sourceTree = "<group>"; };
		D00E84F21892A96B00CA97D9 /* UIKit+AFNetworking.h */ = {isa = PBXFileReference; fileEncoding = 4; lastKnownFileType = sourcecode.c.h; path = "UIKit+AFNetworking.h"; sourceTree = "<group>"; };
		D00E84F31892A96B00CA97D9 /* UIProgressView+AFNetworking.h */ = {isa = PBXFileReference; fileEncoding = 4; lastKnownFileType = sourcecode.c.h; path = "UIProgressView+AFNetworking.h"; sourceTree = "<group>"; };
		D00E84F41892A96B00CA97D9 /* UIProgressView+AFNetworking.m */ = {isa = PBXFileReference; fileEncoding = 4; lastKnownFileType = sourcecode.c.objc; path = "UIProgressView+AFNetworking.m"; sourceTree = "<group>"; };
		D00E84F51892A96B00CA97D9 /* UIWebView+AFNetworking.h */ = {isa = PBXFileReference; fileEncoding = 4; lastKnownFileType = sourcecode.c.h; path = "UIWebView+AFNetworking.h"; sourceTree = "<group>"; };
		D00E84F61892A96B00CA97D9 /* UIWebView+AFNetworking.m */ = {isa = PBXFileReference; fileEncoding = 4; lastKnownFileType = sourcecode.c.objc; path = "UIWebView+AFNetworking.m"; sourceTree = "<group>"; };
		D026A8F21890F51C0094ACBD /* scan_active@2x.png */ = {isa = PBXFileReference; lastKnownFileType = image.png; path = "scan_active@2x.png"; sourceTree = "<group>"; };
		D026A8F41890F6D50094ACBD /* location-active@2x.png */ = {isa = PBXFileReference; lastKnownFileType = image.png; path = "location-active@2x.png"; sourceTree = "<group>"; };
		D026A8F81890FA3A0094ACBD /* bitstream.c */ = {isa = PBXFileReference; fileEncoding = 4; lastKnownFileType = sourcecode.c.c; path = bitstream.c; sourceTree = "<group>"; };
		D026A8F91890FA3A0094ACBD /* bitstream.h */ = {isa = PBXFileReference; fileEncoding = 4; lastKnownFileType = sourcecode.c.h; path = bitstream.h; sourceTree = "<group>"; };
		D026A8FA1890FA3A0094ACBD /* mask.c */ = {isa = PBXFileReference; fileEncoding = 4; lastKnownFileType = sourcecode.c.c; path = mask.c; sourceTree = "<group>"; };
		D026A8FB1890FA3A0094ACBD /* mask.h */ = {isa = PBXFileReference; fileEncoding = 4; lastKnownFileType = sourcecode.c.h; path = mask.h; sourceTree = "<group>"; };
		D026A8FC1890FA3A0094ACBD /* qrencode.c */ = {isa = PBXFileReference; fileEncoding = 4; lastKnownFileType = sourcecode.c.c; path = qrencode.c; sourceTree = "<group>"; };
		D026A8FD1890FA3A0094ACBD /* qrencode.h */ = {isa = PBXFileReference; fileEncoding = 4; lastKnownFileType = sourcecode.c.h; path = qrencode.h; sourceTree = "<group>"; };
		D026A8FE1890FA3A0094ACBD /* qrinput.c */ = {isa = PBXFileReference; fileEncoding = 4; lastKnownFileType = sourcecode.c.c; path = qrinput.c; sourceTree = "<group>"; };
		D026A8FF1890FA3A0094ACBD /* qrinput.h */ = {isa = PBXFileReference; fileEncoding = 4; lastKnownFileType = sourcecode.c.h; path = qrinput.h; sourceTree = "<group>"; };
		D026A9001890FA3A0094ACBD /* qrspec.c */ = {isa = PBXFileReference; fileEncoding = 4; lastKnownFileType = sourcecode.c.c; path = qrspec.c; sourceTree = "<group>"; };
		D026A9011890FA3A0094ACBD /* qrspec.h */ = {isa = PBXFileReference; fileEncoding = 4; lastKnownFileType = sourcecode.c.h; path = qrspec.h; sourceTree = "<group>"; };
		D026A9021890FA3A0094ACBD /* rscode.c */ = {isa = PBXFileReference; fileEncoding = 4; lastKnownFileType = sourcecode.c.c; path = rscode.c; sourceTree = "<group>"; };
		D026A9031890FA3A0094ACBD /* rscode.h */ = {isa = PBXFileReference; fileEncoding = 4; lastKnownFileType = sourcecode.c.h; path = rscode.h; sourceTree = "<group>"; };
		D026A9041890FA3A0094ACBD /* split.c */ = {isa = PBXFileReference; fileEncoding = 4; lastKnownFileType = sourcecode.c.c; path = split.c; sourceTree = "<group>"; };
		D026A9051890FA3A0094ACBD /* split.h */ = {isa = PBXFileReference; fileEncoding = 4; lastKnownFileType = sourcecode.c.h; path = split.h; sourceTree = "<group>"; };
		D026A9061890FA3A0094ACBD /* UIImage+MDQRCode.h */ = {isa = PBXFileReference; fileEncoding = 4; lastKnownFileType = sourcecode.c.h; path = "UIImage+MDQRCode.h"; sourceTree = "<group>"; };
		D026A9071890FA3A0094ACBD /* UIImage+MDQRCode.m */ = {isa = PBXFileReference; fileEncoding = 4; lastKnownFileType = sourcecode.c.objc; path = "UIImage+MDQRCode.m"; sourceTree = "<group>"; };
		D026A910189100850094ACBD /* info-scan@2x.png */ = {isa = PBXFileReference; lastKnownFileType = image.png; path = "info-scan@2x.png"; sourceTree = "<group>"; };
		D037FDAC188A2E8B009E36D3 /* cell@2x.png */ = {isa = PBXFileReference; lastKnownFileType = image.png; path = "cell@2x.png"; sourceTree = "<group>"; };
		D037FDAF188A3732009E36D3 /* myplaceDetailViewController.h */ = {isa = PBXFileReference; fileEncoding = 4; lastKnownFileType = sourcecode.c.h; path = myplaceDetailViewController.h; sourceTree = "<group>"; };
		D037FDB0188A3732009E36D3 /* myplaceDetailViewController.m */ = {isa = PBXFileReference; fileEncoding = 4; lastKnownFileType = sourcecode.c.objc; path = myplaceDetailViewController.m; sourceTree = "<group>"; };
		D0699ED21876E6BD0029F6FD /* Blinc.app */ = {isa = PBXFileReference; explicitFileType = wrapper.application; includeInIndex = 0; path = Blinc.app; sourceTree = BUILT_PRODUCTS_DIR; };
		D0699ED51876E6BD0029F6FD /* Foundation.framework */ = {isa = PBXFileReference; lastKnownFileType = wrapper.framework; name = Foundation.framework; path = System/Library/Frameworks/Foundation.framework; sourceTree = SDKROOT; };
		D0699ED71876E6BD0029F6FD /* CoreGraphics.framework */ = {isa = PBXFileReference; lastKnownFileType = wrapper.framework; name = CoreGraphics.framework; path = System/Library/Frameworks/CoreGraphics.framework; sourceTree = SDKROOT; };
		D0699ED91876E6BD0029F6FD /* UIKit.framework */ = {isa = PBXFileReference; lastKnownFileType = wrapper.framework; name = UIKit.framework; path = System/Library/Frameworks/UIKit.framework; sourceTree = SDKROOT; };
		D0699EDD1876E6BD0029F6FD /* Blinc-Info.plist */ = {isa = PBXFileReference; lastKnownFileType = text.plist.xml; path = "Blinc-Info.plist"; sourceTree = "<group>"; };
		D0699EDF1876E6BD0029F6FD /* en */ = {isa = PBXFileReference; lastKnownFileType = text.plist.strings; name = en; path = en.lproj/InfoPlist.strings; sourceTree = "<group>"; };
		D0699EE11876E6BD0029F6FD /* main.m */ = {isa = PBXFileReference; lastKnownFileType = sourcecode.c.objc; path = main.m; sourceTree = "<group>"; };
		D0699EE31876E6BD0029F6FD /* Blinc-Prefix.pch */ = {isa = PBXFileReference; lastKnownFileType = sourcecode.c.h; path = "Blinc-Prefix.pch"; sourceTree = "<group>"; };
		D0699EE41876E6BD0029F6FD /* blincAppDelegate.h */ = {isa = PBXFileReference; lastKnownFileType = sourcecode.c.h; path = blincAppDelegate.h; sourceTree = "<group>"; };
		D0699EE51876E6BD0029F6FD /* blincAppDelegate.m */ = {isa = PBXFileReference; lastKnownFileType = sourcecode.c.objc; path = blincAppDelegate.m; sourceTree = "<group>"; };
		D0699EE71876E6BD0029F6FD /* Images.xcassets */ = {isa = PBXFileReference; lastKnownFileType = folder.assetcatalog; path = Images.xcassets; sourceTree = "<group>"; };
		D0699EED1876E6BD0029F6FD /* BlincTests.xctest */ = {isa = PBXFileReference; explicitFileType = wrapper.cfbundle; includeInIndex = 0; path = BlincTests.xctest; sourceTree = BUILT_PRODUCTS_DIR; };
		D0699EEE1876E6BD0029F6FD /* XCTest.framework */ = {isa = PBXFileReference; lastKnownFileType = wrapper.framework; name = XCTest.framework; path = Library/Frameworks/XCTest.framework; sourceTree = DEVELOPER_DIR; };
		D0699EF61876E6BD0029F6FD /* BlincTests-Info.plist */ = {isa = PBXFileReference; lastKnownFileType = text.plist.xml; path = "BlincTests-Info.plist"; sourceTree = "<group>"; };
		D0699EF81876E6BD0029F6FD /* en */ = {isa = PBXFileReference; lastKnownFileType = text.plist.strings; name = en; path = en.lproj/InfoPlist.strings; sourceTree = "<group>"; };
		D0699EFA1876E6BD0029F6FD /* BlincTests.m */ = {isa = PBXFileReference; lastKnownFileType = sourcecode.c.objc; path = BlincTests.m; sourceTree = "<group>"; };
		D0699F0E1876EABB0029F6FD /* blinc-bg@2x.png */ = {isa = PBXFileReference; lastKnownFileType = image.png; path = "blinc-bg@2x.png"; sourceTree = "<group>"; };
		D0928FB8189021B5001F185F /* RDVTabBar.h */ = {isa = PBXFileReference; fileEncoding = 4; lastKnownFileType = sourcecode.c.h; path = RDVTabBar.h; sourceTree = "<group>"; };
		D0928FB9189021B5001F185F /* RDVTabBar.m */ = {isa = PBXFileReference; fileEncoding = 4; lastKnownFileType = sourcecode.c.objc; path = RDVTabBar.m; sourceTree = "<group>"; };
		D0928FBA189021B5001F185F /* RDVTabBarController.h */ = {isa = PBXFileReference; fileEncoding = 4; lastKnownFileType = sourcecode.c.h; path = RDVTabBarController.h; sourceTree = "<group>"; };
		D0928FBB189021B5001F185F /* RDVTabBarController.m */ = {isa = PBXFileReference; fileEncoding = 4; lastKnownFileType = sourcecode.c.objc; path = RDVTabBarController.m; sourceTree = "<group>"; };
		D0928FBC189021B5001F185F /* RDVTabBarItem.h */ = {isa = PBXFileReference; fileEncoding = 4; lastKnownFileType = sourcecode.c.h; path = RDVTabBarItem.h; sourceTree = "<group>"; };
		D0928FBD189021B5001F185F /* RDVTabBarItem.m */ = {isa = PBXFileReference; fileEncoding = 4; lastKnownFileType = sourcecode.c.objc; path = RDVTabBarItem.m; sourceTree = "<group>"; };
		D0A289371891451E00F6463D /* cell-selection@2x.png */ = {isa = PBXFileReference; lastKnownFileType = image.png; path = "cell-selection@2x.png"; sourceTree = "<group>"; };
		D0A289391891642100F6463D /* point-here@2x.png */ = {isa = PBXFileReference; lastKnownFileType = image.png; path = "point-here@2x.png"; sourceTree = "<group>"; };
		D0A2893B1891656A00F6463D /* see-rewards@2x.png */ = {isa = PBXFileReference; lastKnownFileType = image.png; path = "see-rewards@2x.png"; sourceTree = "<group>"; };
		D0B9CFAA1888B46600FC636D /* register-login-form@2x.png */ = {isa = PBXFileReference; lastKnownFileType = image.png; path = "register-login-form@2x.png"; sourceTree = "<group>"; };
		D0B9CFAC1888C2CE00FC636D /* register-button@2x.png */ = {isa = PBXFileReference; lastKnownFileType = image.png; path = "register-button@2x.png"; sourceTree = "<group>"; };
		D0BECB8D1886BE4A00D4A00F /* navbar@2x.png */ = {isa = PBXFileReference; lastKnownFileType = image.png; path = "navbar@2x.png"; sourceTree = "<group>"; };
		D0BECB901886C67A00D4A00F /* ICETutorialController.h */ = {isa = PBXFileReference; fileEncoding = 4; lastKnownFileType = sourcecode.c.h; path = ICETutorialController.h; sourceTree = "<group>"; };
		D0BECB911886C67A00D4A00F /* ICETutorialController.m */ = {isa = PBXFileReference; fileEncoding = 4; lastKnownFileType = sourcecode.c.objc; path = ICETutorialController.m; sourceTree = "<group>"; };
		D0BECB921886C67A00D4A00F /* ICETutorialPage.h */ = {isa = PBXFileReference; fileEncoding = 4; lastKnownFileType = sourcecode.c.h; path = ICETutorialPage.h; sourceTree = "<group>"; };
		D0BECB931886C67A00D4A00F /* ICETutorialPage.m */ = {isa = PBXFileReference; fileEncoding = 4; lastKnownFileType = sourcecode.c.objc; path = ICETutorialPage.m; sourceTree = "<group>"; };
		D0BECB971886C7B100D4A00F /* ICETutorialController_iPhone.xib */ = {isa = PBXFileReference; fileEncoding = 4; lastKnownFileType = file.xib; path = ICETutorialController_iPhone.xib; sourceTree = "<group>"; };
		D0BECB981886C7B100D4A00F /* ICETutorialController_iPhone4.xib */ = {isa = PBXFileReference; fileEncoding = 4; lastKnownFileType = file.xib; path = ICETutorialController_iPhone4.xib; sourceTree = "<group>"; };
		D0BECBCD1886CDF900D4A00F /* 1@2x.png */ = {isa = PBXFileReference; lastKnownFileType = image.png; path = "1@2x.png"; sourceTree = "<group>"; };
		D0BECBCF1886CDF900D4A00F /* 1-568h@2x.png */ = {isa = PBXFileReference; lastKnownFileType = image.png; path = "1-568h@2x.png"; sourceTree = "<group>"; };
		D0BECBD01886CDF900D4A00F /* login@2x.png */ = {isa = PBXFileReference; lastKnownFileType = image.png; path = "login@2x.png"; sourceTree = "<group>"; };
		D0BECBD11886CDF900D4A00F /* register@2x.png */ = {isa = PBXFileReference; lastKnownFileType = image.png; path = "register@2x.png"; sourceTree = "<group>"; };
		D0C0E80F1888035E0025AE95 /* blincRegisterViewController.h */ = {isa = PBXFileReference; fileEncoding = 4; lastKnownFileType = sourcecode.c.h; path = blincRegisterViewController.h; sourceTree = "<group>"; };
		D0C0E8101888035E0025AE95 /* blincRegisterViewController.m */ = {isa = PBXFileReference; fileEncoding = 4; lastKnownFileType = sourcecode.c.objc; path = blincRegisterViewController.m; sourceTree = "<group>"; };
		D0C0E81218880C810025AE95 /* close@2x.png */ = {isa = PBXFileReference; lastKnownFileType = image.png; path = "close@2x.png"; sourceTree = "<group>"; };
		D0C0F5921888CC6000A67017 /* login-button@2x.png */ = {isa = PBXFileReference; lastKnownFileType = image.png; path = "login-button@2x.png"; sourceTree = "<group>"; };
		D0C0F5951888CE2D00A67017 /* blincGate.h */ = {isa = PBXFileReference; fileEncoding = 4; lastKnownFileType = sourcecode.c.h; path = blincGate.h; sourceTree = "<group>"; };
		D0C0F5961888CE2D00A67017 /* blincGate.m */ = {isa = PBXFileReference; fileEncoding = 4; lastKnownFileType = sourcecode.c.objc; path = blincGate.m; sourceTree = "<group>"; };
		D0C0F5981888CE4800A67017 /* AVFoundation.framework */ = {isa = PBXFileReference; lastKnownFileType = wrapper.framework; name = AVFoundation.framework; path = System/Library/Frameworks/AVFoundation.framework; sourceTree = SDKROOT; };
		D0C0F59A1888CE5100A67017 /* CoreMedia.framework */ = {isa = PBXFileReference; lastKnownFileType = wrapper.framework; name = CoreMedia.framework; path = System/Library/Frameworks/CoreMedia.framework; sourceTree = SDKROOT; };
		D0C0F59C1888CE5B00A67017 /* CoreVideo.framework */ = {isa = PBXFileReference; lastKnownFileType = wrapper.framework; name = CoreVideo.framework; path = System/Library/Frameworks/CoreVideo.framework; sourceTree = SDKROOT; };
		D0C0F59E1888CE6B00A67017 /* libiconv.dylib */ = {isa = PBXFileReference; lastKnownFileType = "compiled.mach-o.dylib"; name = libiconv.dylib; path = usr/lib/libiconv.dylib; sourceTree = SDKROOT; };
		D0C0F5A11888DB4600A67017 /* MapKit.framework */ = {isa = PBXFileReference; lastKnownFileType = wrapper.framework; name = MapKit.framework; path = System/Library/Frameworks/MapKit.framework; sourceTree = SDKROOT; };
		D0EB80771889137D00120627 /* netraNetwork.h */ = {isa = PBXFileReference; fileEncoding = 4; lastKnownFileType = sourcecode.c.h; path = netraNetwork.h; sourceTree = "<group>"; };
		D0EB80781889137D00120627 /* netraNetwork.m */ = {isa = PBXFileReference; fileEncoding = 4; lastKnownFileType = sourcecode.c.objc; path = netraNetwork.m; sourceTree = "<group>"; };
		D0EB807A188913EE00120627 /* orc.h */ = {isa = PBXFileReference; fileEncoding = 4; lastKnownFileType = sourcecode.c.h; path = orc.h; sourceTree = "<group>"; };
		D0EB807B188913EE00120627 /* orc.m */ = {isa = PBXFileReference; fileEncoding = 4; lastKnownFileType = sourcecode.c.objc; path = orc.m; sourceTree = "<group>"; };
		D0EB807D188915CB00120627 /* MobileCoreServices.framework */ = {isa = PBXFileReference; lastKnownFileType = wrapper.framework; name = MobileCoreServices.framework; path = System/Library/Frameworks/MobileCoreServices.framework; sourceTree = SDKROOT; };
		D0EB807F188915D100120627 /* Security.framework */ = {isa = PBXFileReference; lastKnownFileType = wrapper.framework; name = Security.framework; path = System/Library/Frameworks/Security.framework; sourceTree = SDKROOT; };
		D0EB80811889162500120627 /* SystemConfiguration.framework */ = {isa = PBXFileReference; lastKnownFileType = wrapper.framework; name = SystemConfiguration.framework; path = System/Library/Frameworks/SystemConfiguration.framework; sourceTree = SDKROOT; };
		D0EB809F18891F0E00120627 /* qrcodeViewController.h */ = {isa = PBXFileReference; fileEncoding = 4; lastKnownFileType = sourcecode.c.h; path = qrcodeViewController.h; sourceTree = "<group>"; };
		D0EB80A018891F0E00120627 /* qrcodeViewController.m */ = {isa = PBXFileReference; fileEncoding = 4; lastKnownFileType = sourcecode.c.objc; path = qrcodeViewController.m; sourceTree = "<group>"; };
		D0EB80A218891F2100120627 /* myPlaceViewController.h */ = {isa = PBXFileReference; fileEncoding = 4; lastKnownFileType = sourcecode.c.h; path = myPlaceViewController.h; sourceTree = "<group>"; };
		D0EB80A318891F2100120627 /* myPlaceViewController.m */ = {isa = PBXFileReference; fileEncoding = 4; lastKnownFileType = sourcecode.c.objc; path = myPlaceViewController.m; sourceTree = "<group>"; };
		D0EB80A518891F4900120627 /* nearbyPlaceViewController.h */ = {isa = PBXFileReference; fileEncoding = 4; lastKnownFileType = sourcecode.c.h; path = nearbyPlaceViewController.h; sourceTree = "<group>"; };
		D0EB80A618891F4900120627 /* nearbyPlaceViewController.m */ = {isa = PBXFileReference; fileEncoding = 4; lastKnownFileType = sourcecode.c.objc; path = nearbyPlaceViewController.m; sourceTree = "<group>"; };
		D0EB80A81889234900120627 /* nav-qr@2x.png */ = {isa = PBXFileReference; lastKnownFileType = image.png; path = "nav-qr@2x.png"; sourceTree = "<group>"; };
		D0EB80AB1889298700120627 /* location@2x.png */ = {isa = PBXFileReference; lastKnownFileType = image.png; path = "location@2x.png"; sourceTree = "<group>"; };
		D0EB80AC1889298700120627 /* scan@2x.png */ = {isa = PBXFileReference; lastKnownFileType = image.png; path = "scan@2x.png"; sourceTree = "<group>"; };
		D0EB80AF18892B7700120627 /* my-place@2x.png */ = {isa = PBXFileReference; lastKnownFileType = image.png; path = "my-place@2x.png"; sourceTree = "<group>"; };
		D0EB80B118892E1600120627 /* my-place-active@2x.png */ = {isa = PBXFileReference; lastKnownFileType = image.png; path = "my-place-active@2x.png"; sourceTree = "<group>"; };
		D0EB80B318894A0900120627 /* tab@2x.png */ = {isa = PBXFileReference; lastKnownFileType = image.png; path = "tab@2x.png"; sourceTree = "<group>"; };
		D0EB80B51889500700120627 /* overlay@2x.png */ = {isa = PBXFileReference; lastKnownFileType = image.png; path = "overlay@2x.png"; sourceTree = "<group>"; };
		D0EB80B81889517C00120627 /* blincCell.h */ = {isa = PBXFileReference; fileEncoding = 4; lastKnownFileType = sourcecode.c.h; path = blincCell.h; sourceTree = "<group>"; };
		D0EB80B91889517C00120627 /* blincCell.m */ = {isa = PBXFileReference; fileEncoding = 4; lastKnownFileType = sourcecode.c.objc; path = blincCell.m; sourceTree = "<group>"; };
		D0EE9F2518856F13001FF050 /* blincLoginViewController.h */ = {isa = PBXFileReference; fileEncoding = 4; lastKnownFileType = sourcecode.c.h; path = blincLoginViewController.h; sourceTree = "<group>"; };
		D0EE9F2618856F13001FF050 /* blincLoginViewController.m */ = {isa = PBXFileReference; fileEncoding = 4; lastKnownFileType = sourcecode.c.objc; path = blincLoginViewController.m; sourceTree = "<group>"; };
		D0EE9F4E188576CE001FF050 /* AFHTTPRequestOperation.h */ = {isa = PBXFileReference; fileEncoding = 4; lastKnownFileType = sourcecode.c.h; path = AFHTTPRequestOperation.h; sourceTree = "<group>"; };
		D0EE9F4F188576CE001FF050 /* AFHTTPRequestOperation.m */ = {isa = PBXFileReference; fileEncoding = 4; lastKnownFileType = sourcecode.c.objc; path = AFHTTPRequestOperation.m; sourceTree = "<group>"; };
		D0EE9F50188576CE001FF050 /* AFHTTPRequestOperationManager.h */ = {isa = PBXFileReference; fileEncoding = 4; lastKnownFileType = sourcecode.c.h; path = AFHTTPRequestOperationManager.h; sourceTree = "<group>"; };
		D0EE9F51188576CE001FF050 /* AFHTTPRequestOperationManager.m */ = {isa = PBXFileReference; fileEncoding = 4; lastKnownFileType = sourcecode.c.objc; path = AFHTTPRequestOperationManager.m; sourceTree = "<group>"; };
		D0EE9F52188576CE001FF050 /* AFHTTPSessionManager.h */ = {isa = PBXFileReference; fileEncoding = 4; lastKnownFileType = sourcecode.c.h; path = AFHTTPSessionManager.h; sourceTree = "<group>"; };
		D0EE9F53188576CE001FF050 /* AFHTTPSessionManager.m */ = {isa = PBXFileReference; fileEncoding = 4; lastKnownFileType = sourcecode.c.objc; path = AFHTTPSessionManager.m; sourceTree = "<group>"; };
		D0EE9F54188576CE001FF050 /* AFNetworking.h */ = {isa = PBXFileReference; fileEncoding = 4; lastKnownFileType = sourcecode.c.h; path = AFNetworking.h; sourceTree = "<group>"; };
		D0EE9F55188576CE001FF050 /* AFNetworkReachabilityManager.h */ = {isa = PBXFileReference; fileEncoding = 4; lastKnownFileType = sourcecode.c.h; path = AFNetworkReachabilityManager.h; sourceTree = "<group>"; };
		D0EE9F56188576CE001FF050 /* AFNetworkReachabilityManager.m */ = {isa = PBXFileReference; fileEncoding = 4; lastKnownFileType = sourcecode.c.objc; path = AFNetworkReachabilityManager.m; sourceTree = "<group>"; };
		D0EE9F57188576CE001FF050 /* AFSecurityPolicy.h */ = {isa = PBXFileReference; fileEncoding = 4; lastKnownFileType = sourcecode.c.h; path = AFSecurityPolicy.h; sourceTree = "<group>"; };
		D0EE9F58188576CE001FF050 /* AFSecurityPolicy.m */ = {isa = PBXFileReference; fileEncoding = 4; lastKnownFileType = sourcecode.c.objc; path = AFSecurityPolicy.m; sourceTree = "<group>"; };
		D0EE9F59188576CE001FF050 /* AFURLConnectionOperation.h */ = {isa = PBXFileReference; fileEncoding = 4; lastKnownFileType = sourcecode.c.h; path = AFURLConnectionOperation.h; sourceTree = "<group>"; };
		D0EE9F5A188576CE001FF050 /* AFURLConnectionOperation.m */ = {isa = PBXFileReference; fileEncoding = 4; lastKnownFileType = sourcecode.c.objc; path = AFURLConnectionOperation.m; sourceTree = "<group>"; };
		D0EE9F5B188576CE001FF050 /* AFURLRequestSerialization.h */ = {isa = PBXFileReference; fileEncoding = 4; lastKnownFileType = sourcecode.c.h; path = AFURLRequestSerialization.h; sourceTree = "<group>"; };
		D0EE9F5C188576CE001FF050 /* AFURLRequestSerialization.m */ = {isa = PBXFileReference; fileEncoding = 4; lastKnownFileType = sourcecode.c.objc; path = AFURLRequestSerialization.m; sourceTree = "<group>"; };
		D0EE9F5D188576CE001FF050 /* AFURLResponseSerialization.h */ = {isa = PBXFileReference; fileEncoding = 4; lastKnownFileType = sourcecode.c.h; path = AFURLResponseSerialization.h; sourceTree = "<group>"; };
		D0EE9F5E188576CE001FF050 /* AFURLResponseSerialization.m */ = {isa = PBXFileReference; fileEncoding = 4; lastKnownFileType = sourcecode.c.objc; path = AFURLResponseSerialization.m; sourceTree = "<group>"; };
		D0EE9F5F188576CE001FF050 /* AFURLSessionManager.h */ = {isa = PBXFileReference; fileEncoding = 4; lastKnownFileType = sourcecode.c.h; path = AFURLSessionManager.h; sourceTree = "<group>"; };
		D0EE9F60188576CE001FF050 /* AFURLSessionManager.m */ = {isa = PBXFileReference; fileEncoding = 4; lastKnownFileType = sourcecode.c.objc; path = AFURLSessionManager.m; sourceTree = "<group>"; };
/* End PBXFileReference section */

/* Begin PBXFrameworksBuildPhase section */
		D0699ECF1876E6BD0029F6FD /* Frameworks */ = {
			isa = PBXFrameworksBuildPhase;
			buildActionMask = 2147483647;
			files = (
				D0EB80821889162500120627 /* SystemConfiguration.framework in Frameworks */,
				D0EB807E188915CC00120627 /* MobileCoreServices.framework in Frameworks */,
				D0EB8080188915D100120627 /* Security.framework in Frameworks */,
				D0C0F59D1888CE5B00A67017 /* CoreVideo.framework in Frameworks */,
				D0C0F59B1888CE5100A67017 /* CoreMedia.framework in Frameworks */,
				D0C0F5991888CE4800A67017 /* AVFoundation.framework in Frameworks */,
				D0C0F5A21888DB4600A67017 /* MapKit.framework in Frameworks */,
				D0699ED81876E6BD0029F6FD /* CoreGraphics.framework in Frameworks */,
				D0699EDA1876E6BD0029F6FD /* UIKit.framework in Frameworks */,
				D0699ED61876E6BD0029F6FD /* Foundation.framework in Frameworks */,
				D0C0F59F1888CE6B00A67017 /* libiconv.dylib in Frameworks */,
			);
			runOnlyForDeploymentPostprocessing = 0;
		};
		D0699EEA1876E6BD0029F6FD /* Frameworks */ = {
			isa = PBXFrameworksBuildPhase;
			buildActionMask = 2147483647;
			files = (
				D0699EEF1876E6BD0029F6FD /* XCTest.framework in Frameworks */,
				D0699EF11876E6BD0029F6FD /* UIKit.framework in Frameworks */,
				D0699EF01876E6BD0029F6FD /* Foundation.framework in Frameworks */,
			);
			runOnlyForDeploymentPostprocessing = 0;
		};
/* End PBXFrameworksBuildPhase section */

/* Begin PBXGroup section */
		D00E84E71892A96B00CA97D9 /* UIKit+AFNetworking */ = {
			isa = PBXGroup;
			children = (
				D00E84E81892A96B00CA97D9 /* AFNetworkActivityIndicatorManager.h */,
				D00E84E91892A96B00CA97D9 /* AFNetworkActivityIndicatorManager.m */,
				D00E84EA1892A96B00CA97D9 /* UIActivityIndicatorView+AFNetworking.h */,
				D00E84EB1892A96B00CA97D9 /* UIActivityIndicatorView+AFNetworking.m */,
				D00E84EC1892A96B00CA97D9 /* UIAlertView+AFNetworking.h */,
				D00E84ED1892A96B00CA97D9 /* UIAlertView+AFNetworking.m */,
				D00E84EE1892A96B00CA97D9 /* UIButton+AFNetworking.h */,
				D00E84EF1892A96B00CA97D9 /* UIButton+AFNetworking.m */,
				D00E84F01892A96B00CA97D9 /* UIImageView+AFNetworking.h */,
				D00E84F11892A96B00CA97D9 /* UIImageView+AFNetworking.m */,
				D00E84F21892A96B00CA97D9 /* UIKit+AFNetworking.h */,
				D00E84F31892A96B00CA97D9 /* UIProgressView+AFNetworking.h */,
				D00E84F41892A96B00CA97D9 /* UIProgressView+AFNetworking.m */,
				D00E84F51892A96B00CA97D9 /* UIWebView+AFNetworking.h */,
				D00E84F61892A96B00CA97D9 /* UIWebView+AFNetworking.m */,
			);
			path = "UIKit+AFNetworking";
			sourceTree = "<group>";
		};
		D026A8F61890FA3A0094ACBD /* QR */ = {
			isa = PBXGroup;
			children = (
				D026A8F71890FA3A0094ACBD /* libqrencode */,
				D026A9061890FA3A0094ACBD /* UIImage+MDQRCode.h */,
				D026A9071890FA3A0094ACBD /* UIImage+MDQRCode.m */,
			);
			path = QR;
			sourceTree = "<group>";
		};
		D026A8F71890FA3A0094ACBD /* libqrencode */ = {
			isa = PBXGroup;
			children = (
				D026A8F81890FA3A0094ACBD /* bitstream.c */,
				D026A8F91890FA3A0094ACBD /* bitstream.h */,
				D026A8FA1890FA3A0094ACBD /* mask.c */,
				D026A8FB1890FA3A0094ACBD /* mask.h */,
				D026A8FC1890FA3A0094ACBD /* qrencode.c */,
				D026A8FD1890FA3A0094ACBD /* qrencode.h */,
				D026A8FE1890FA3A0094ACBD /* qrinput.c */,
				D026A8FF1890FA3A0094ACBD /* qrinput.h */,
				D026A9001890FA3A0094ACBD /* qrspec.c */,
				D026A9011890FA3A0094ACBD /* qrspec.h */,
				D026A9021890FA3A0094ACBD /* rscode.c */,
				D026A9031890FA3A0094ACBD /* rscode.h */,
				D026A9041890FA3A0094ACBD /* split.c */,
				D026A9051890FA3A0094ACBD /* split.h */,
			);
			path = libqrencode;
			sourceTree = "<group>";
		};
		D037FDAE188A371A009E36D3 /* myplace-detail */ = {
			isa = PBXGroup;
			children = (
				D037FDAF188A3732009E36D3 /* myplaceDetailViewController.h */,
				D037FDB0188A3732009E36D3 /* myplaceDetailViewController.m */,
			);
			path = "myplace-detail";
			sourceTree = "<group>";
		};
		D0699EC91876E6BD0029F6FD = {
			isa = PBXGroup;
			children = (
				D0699EDB1876E6BD0029F6FD /* Blinc */,
				D0699EF41876E6BD0029F6FD /* BlincTests */,
				D0699ED41876E6BD0029F6FD /* Frameworks */,
				D0699ED31876E6BD0029F6FD /* Products */,
			);
			sourceTree = "<group>";
		};
		D0699ED31876E6BD0029F6FD /* Products */ = {
			isa = PBXGroup;
			children = (
				D0699ED21876E6BD0029F6FD /* Blinc.app */,
				D0699EED1876E6BD0029F6FD /* BlincTests.xctest */,
			);
			name = Products;
			sourceTree = "<group>";
		};
		D0699ED41876E6BD0029F6FD /* Frameworks */ = {
			isa = PBXGroup;
			children = (
				D0EB80811889162500120627 /* SystemConfiguration.framework */,
				D0EB807F188915D100120627 /* Security.framework */,
				D0EB807D188915CB00120627 /* MobileCoreServices.framework */,
				D0C0F5A11888DB4600A67017 /* MapKit.framework */,
				D0C0F59E1888CE6B00A67017 /* libiconv.dylib */,
				D0C0F59C1888CE5B00A67017 /* CoreVideo.framework */,
				D0C0F59A1888CE5100A67017 /* CoreMedia.framework */,
				D0C0F5981888CE4800A67017 /* AVFoundation.framework */,
				D0699ED51876E6BD0029F6FD /* Foundation.framework */,
				D0699ED71876E6BD0029F6FD /* CoreGraphics.framework */,
				D0699ED91876E6BD0029F6FD /* UIKit.framework */,
				D0699EEE1876E6BD0029F6FD /* XCTest.framework */,
			);
			name = Frameworks;
			sourceTree = "<group>";
		};
		D0699EDB1876E6BD0029F6FD /* Blinc */ = {
			isa = PBXGroup;
			children = (
				D0699F041876E6E90029F6FD /* app */,
				D0699EE41876E6BD0029F6FD /* blincAppDelegate.h */,
				D0699EE51876E6BD0029F6FD /* blincAppDelegate.m */,
				D0699EE71876E6BD0029F6FD /* Images.xcassets */,
				D0699EDC1876E6BD0029F6FD /* Supporting Files */,
			);
			path = Blinc;
			sourceTree = "<group>";
		};
		D0699EDC1876E6BD0029F6FD /* Supporting Files */ = {
			isa = PBXGroup;
			children = (
				D0699EDD1876E6BD0029F6FD /* Blinc-Info.plist */,
				D0699EDE1876E6BD0029F6FD /* InfoPlist.strings */,
				D0699EE11876E6BD0029F6FD /* main.m */,
				D0699EE31876E6BD0029F6FD /* Blinc-Prefix.pch */,
			);
			name = "Supporting Files";
			sourceTree = "<group>";
		};
		D0699EF41876E6BD0029F6FD /* BlincTests */ = {
			isa = PBXGroup;
			children = (
				D0699EFA1876E6BD0029F6FD /* BlincTests.m */,
				D0699EF51876E6BD0029F6FD /* Supporting Files */,
			);
			path = BlincTests;
			sourceTree = "<group>";
		};
		D0699EF51876E6BD0029F6FD /* Supporting Files */ = {
			isa = PBXGroup;
			children = (
				D0699EF61876E6BD0029F6FD /* BlincTests-Info.plist */,
				D0699EF71876E6BD0029F6FD /* InfoPlist.strings */,
			);
			name = "Supporting Files";
			sourceTree = "<group>";
		};
		D0699F041876E6E90029F6FD /* app */ = {
			isa = PBXGroup;
			children = (
				D0EE9F2218856F13001FF050 /* view */,
				D0699F0C1876EA360029F6FD /* assets */,
				D0699F081876E7F40029F6FD /* library */,
				D0699F051876E6E90029F6FD /* controller */,
				D0699F061876E6E90029F6FD /* model */,
			);
			path = app;
			sourceTree = "<group>";
		};
		D0699F051876E6E90029F6FD /* controller */ = {
			isa = PBXGroup;
			children = (
				D0EB80761889130900120627 /* network-handle */,
				D0C0F5941888CDF900A67017 /* user-handle */,
			);
			path = controller;
			sourceTree = "<group>";
		};
		D0699F061876E6E90029F6FD /* model */ = {
			isa = PBXGroup;
			children = (
			);
			path = model;
			sourceTree = "<group>";
		};
		D0699F081876E7F40029F6FD /* library */ = {
			isa = PBXGroup;
			children = (
				D00E84E71892A96B00CA97D9 /* UIKit+AFNetworking */,
				D026A8F61890FA3A0094ACBD /* QR */,
				D0928FB7189021B5001F185F /* RDVTabBarController */,
				D0EB80B7188950EB00120627 /* cell */,
				D0C0F5A01888D79700A67017 /* helper */,
				D0BECB8F1886C67A00D4A00F /* Libraries */,
				D0EE9F4D188576CE001FF050 /* AFNetworking */,
			);
			path = library;
			sourceTree = "<group>";
		};
		D0699F0C1876EA360029F6FD /* assets */ = {
			isa = PBXGroup;
			children = (
				D0699F0D1876EA360029F6FD /* common-assets */,
			);
			path = assets;
			sourceTree = "<group>";
		};
		D0699F0D1876EA360029F6FD /* common-assets */ = {
			isa = PBXGroup;
			children = (
				D0EB80AA1889298700120627 /* tab */,
				D0BECBCB1886CDF900D4A00F /* welcomeImage */,
				D0BECB8C1886BE4A00D4A00F /* common */,
				D0699F0E1876EABB0029F6FD /* blinc-bg@2x.png */,
			);
			path = "common-assets";
			sourceTree = "<group>";
		};
		D0928FB7189021B5001F185F /* RDVTabBarController */ = {
			isa = PBXGroup;
			children = (
				D0928FB8189021B5001F185F /* RDVTabBar.h */,
				D0928FB9189021B5001F185F /* RDVTabBar.m */,
				D0928FBA189021B5001F185F /* RDVTabBarController.h */,
				D0928FBB189021B5001F185F /* RDVTabBarController.m */,
				D0928FBC189021B5001F185F /* RDVTabBarItem.h */,
				D0928FBD189021B5001F185F /* RDVTabBarItem.m */,
			);
			path = RDVTabBarController;
			sourceTree = "<group>";
		};
		D0BECB8C1886BE4A00D4A00F /* common */ = {
			isa = PBXGroup;
			children = (
				D0A2893B1891656A00F6463D /* see-rewards@2x.png */,
				D0A289391891642100F6463D /* point-here@2x.png */,
				D0A289371891451E00F6463D /* cell-selection@2x.png */,
				D026A910189100850094ACBD /* info-scan@2x.png */,
				D037FDAC188A2E8B009E36D3 /* cell@2x.png */,
				D0EB80A81889234900120627 /* nav-qr@2x.png */,
				D0C0F5921888CC6000A67017 /* login-button@2x.png */,
				D0B9CFAC1888C2CE00FC636D /* register-button@2x.png */,
				D0B9CFAA1888B46600FC636D /* register-login-form@2x.png */,
				D0C0E81218880C810025AE95 /* close@2x.png */,
				D0BECB8D1886BE4A00D4A00F /* navbar@2x.png */,
			);
			path = common;
			sourceTree = "<group>";
		};
		D0BECB8F1886C67A00D4A00F /* Libraries */ = {
			isa = PBXGroup;
			children = (
				D0BECB901886C67A00D4A00F /* ICETutorialController.h */,
				D0BECB911886C67A00D4A00F /* ICETutorialController.m */,
				D0BECB921886C67A00D4A00F /* ICETutorialPage.h */,
				D0BECB931886C67A00D4A00F /* ICETutorialPage.m */,
			);
			path = Libraries;
			sourceTree = "<group>";
		};
		D0BECB961886C7B100D4A00F /* additional_view */ = {
			isa = PBXGroup;
			children = (
				D0BECB971886C7B100D4A00F /* ICETutorialController_iPhone.xib */,
				D0BECB981886C7B100D4A00F /* ICETutorialController_iPhone4.xib */,
			);
			path = additional_view;
			sourceTree = "<group>";
		};
		D0BECBCB1886CDF900D4A00F /* welcomeImage */ = {
			isa = PBXGroup;
			children = (
				D0BECBCC1886CDF900D4A00F /* i4 */,
				D0BECBCE1886CDF900D4A00F /* i5 */,
				D0BECBD01886CDF900D4A00F /* login@2x.png */,
				D0BECBD11886CDF900D4A00F /* register@2x.png */,
			);
			path = welcomeImage;
			sourceTree = "<group>";
		};
		D0BECBCC1886CDF900D4A00F /* i4 */ = {
			isa = PBXGroup;
			children = (
				D0BECBCD1886CDF900D4A00F /* 1@2x.png */,
			);
			path = i4;
			sourceTree = "<group>";
		};
		D0BECBCE1886CDF900D4A00F /* i5 */ = {
			isa = PBXGroup;
			children = (
				D0BECBCF1886CDF900D4A00F /* 1-568h@2x.png */,
			);
			path = i5;
			sourceTree = "<group>";
		};
		D0C0F5941888CDF900A67017 /* user-handle */ = {
			isa = PBXGroup;
			children = (
				D0C0F5951888CE2D00A67017 /* blincGate.h */,
				D0C0F5961888CE2D00A67017 /* blincGate.m */,
			);
			path = "user-handle";
			sourceTree = "<group>";
		};
		D0C0F5A01888D79700A67017 /* helper */ = {
			isa = PBXGroup;
			children = (
				D0EB807A188913EE00120627 /* orc.h */,
				D0EB807B188913EE00120627 /* orc.m */,
			);
			path = helper;
			sourceTree = "<group>";
		};
		D0EB80761889130900120627 /* network-handle */ = {
			isa = PBXGroup;
			children = (
				D0EB80771889137D00120627 /* netraNetwork.h */,
				D0EB80781889137D00120627 /* netraNetwork.m */,
			);
			path = "network-handle";
			sourceTree = "<group>";
		};
		D0EB808318891A1300120627 /* merchant */ = {
			isa = PBXGroup;
			children = (
				D0EB80A518891F4900120627 /* nearbyPlaceViewController.h */,
				D0EB80A618891F4900120627 /* nearbyPlaceViewController.m */,
			);
			path = merchant;
			sourceTree = "<group>";
		};
		D0EB808418891A1300120627 /* myplace */ = {
			isa = PBXGroup;
			children = (
				D037FDAE188A371A009E36D3 /* myplace-detail */,
				D0EB80A218891F2100120627 /* myPlaceViewController.h */,
				D0EB80A318891F2100120627 /* myPlaceViewController.m */,
			);
			path = myplace;
			sourceTree = "<group>";
		};
		D0EB808518891A1300120627 /* qrcode */ = {
			isa = PBXGroup;
			children = (
				D0EB809F18891F0E00120627 /* qrcodeViewController.h */,
				D0EB80A018891F0E00120627 /* qrcodeViewController.m */,
			);
			path = qrcode;
			sourceTree = "<group>";
		};
		D0EB80AA1889298700120627 /* tab */ = {
			isa = PBXGroup;
			children = (
				D0EB80B51889500700120627 /* overlay@2x.png */,
				D0EB80B318894A0900120627 /* tab@2x.png */,
				D0EB80AB1889298700120627 /* location@2x.png */,
				D0EB80B118892E1600120627 /* my-place-active@2x.png */,
				D026A8F41890F6D50094ACBD /* location-active@2x.png */,
				D0EB80AF18892B7700120627 /* my-place@2x.png */,
				D026A8F21890F51C0094ACBD /* scan_active@2x.png */,
				D0EB80AC1889298700120627 /* scan@2x.png */,
			);
			path = tab;
			sourceTree = "<group>";
		};
		D0EB80B7188950EB00120627 /* cell */ = {
			isa = PBXGroup;
			children = (
				D0EB80B81889517C00120627 /* blincCell.h */,
				D0EB80B91889517C00120627 /* blincCell.m */,
			);
			path = cell;
			sourceTree = "<group>";
		};
		D0EE9F2218856F13001FF050 /* view */ = {
			isa = PBXGroup;
			children = (
				D0EB808318891A1300120627 /* merchant */,
				D0EB808418891A1300120627 /* myplace */,
				D0EB808518891A1300120627 /* qrcode */,
				D0BECB961886C7B100D4A00F /* additional_view */,
				D0EE9F2418856F13001FF050 /* login */,
				D0EE9F2718856F13001FF050 /* register */,
				D0EE9F2818856F13001FF050 /* tutorial */,
			);
			path = view;
			sourceTree = "<group>";
		};
		D0EE9F2418856F13001FF050 /* login */ = {
			isa = PBXGroup;
			children = (
				D0EE9F2518856F13001FF050 /* blincLoginViewController.h */,
				D0EE9F2618856F13001FF050 /* blincLoginViewController.m */,
			);
			path = login;
			sourceTree = "<group>";
		};
		D0EE9F2718856F13001FF050 /* register */ = {
			isa = PBXGroup;
			children = (
				D0C0E80F1888035E0025AE95 /* blincRegisterViewController.h */,
				D0C0E8101888035E0025AE95 /* blincRegisterViewController.m */,
			);
			path = register;
			sourceTree = "<group>";
		};
		D0EE9F2818856F13001FF050 /* tutorial */ = {
			isa = PBXGroup;
			children = (
			);
			path = tutorial;
			sourceTree = "<group>";
		};
		D0EE9F4D188576CE001FF050 /* AFNetworking */ = {
			isa = PBXGroup;
			children = (
				D0EE9F4E188576CE001FF050 /* AFHTTPRequestOperation.h */,
				D0EE9F4F188576CE001FF050 /* AFHTTPRequestOperation.m */,
				D0EE9F50188576CE001FF050 /* AFHTTPRequestOperationManager.h */,
				D0EE9F51188576CE001FF050 /* AFHTTPRequestOperationManager.m */,
				D0EE9F52188576CE001FF050 /* AFHTTPSessionManager.h */,
				D0EE9F53188576CE001FF050 /* AFHTTPSessionManager.m */,
				D0EE9F54188576CE001FF050 /* AFNetworking.h */,
				D0EE9F55188576CE001FF050 /* AFNetworkReachabilityManager.h */,
				D0EE9F56188576CE001FF050 /* AFNetworkReachabilityManager.m */,
				D0EE9F57188576CE001FF050 /* AFSecurityPolicy.h */,
				D0EE9F58188576CE001FF050 /* AFSecurityPolicy.m */,
				D0EE9F59188576CE001FF050 /* AFURLConnectionOperation.h */,
				D0EE9F5A188576CE001FF050 /* AFURLConnectionOperation.m */,
				D0EE9F5B188576CE001FF050 /* AFURLRequestSerialization.h */,
				D0EE9F5C188576CE001FF050 /* AFURLRequestSerialization.m */,
				D0EE9F5D188576CE001FF050 /* AFURLResponseSerialization.h */,
				D0EE9F5E188576CE001FF050 /* AFURLResponseSerialization.m */,
				D0EE9F5F188576CE001FF050 /* AFURLSessionManager.h */,
				D0EE9F60188576CE001FF050 /* AFURLSessionManager.m */,
			);
			path = AFNetworking;
			sourceTree = "<group>";
		};
/* End PBXGroup section */

/* Begin PBXNativeTarget section */
		D0699ED11876E6BD0029F6FD /* Blinc */ = {
			isa = PBXNativeTarget;
			buildConfigurationList = D0699EFE1876E6BD0029F6FD /* Build configuration list for PBXNativeTarget "Blinc" */;
			buildPhases = (
				D0699ECE1876E6BD0029F6FD /* Sources */,
				D0699ECF1876E6BD0029F6FD /* Frameworks */,
				D0699ED01876E6BD0029F6FD /* Resources */,
			);
			buildRules = (
			);
			dependencies = (
			);
			name = Blinc;
			productName = Blinc;
			productReference = D0699ED21876E6BD0029F6FD /* Blinc.app */;
			productType = "com.apple.product-type.application";
		};
		D0699EEC1876E6BD0029F6FD /* BlincTests */ = {
			isa = PBXNativeTarget;
			buildConfigurationList = D0699F011876E6BD0029F6FD /* Build configuration list for PBXNativeTarget "BlincTests" */;
			buildPhases = (
				D0699EE91876E6BD0029F6FD /* Sources */,
				D0699EEA1876E6BD0029F6FD /* Frameworks */,
				D0699EEB1876E6BD0029F6FD /* Resources */,
			);
			buildRules = (
			);
			dependencies = (
				D0699EF31876E6BD0029F6FD /* PBXTargetDependency */,
			);
			name = BlincTests;
			productName = BlincTests;
			productReference = D0699EED1876E6BD0029F6FD /* BlincTests.xctest */;
			productType = "com.apple.product-type.bundle.unit-test";
		};
/* End PBXNativeTarget section */

/* Begin PBXProject section */
		D0699ECA1876E6BD0029F6FD /* Project object */ = {
			isa = PBXProject;
			attributes = {
				CLASSPREFIX = blinc;
				LastUpgradeCheck = 0500;
				ORGANIZATIONNAME = netra;
				TargetAttributes = {
					D0699ED11876E6BD0029F6FD = {
						DevelopmentTeam = EF9SC2ZZ25;
						SystemCapabilities = {
							com.apple.BackgroundModes = {
								enabled = 1;
							};
							com.apple.iOS = {
								enabled = 1;
							};
						};
					};
					D0699EEC1876E6BD0029F6FD = {
						TestTargetID = D0699ED11876E6BD0029F6FD;
					};
				};
			};
			buildConfigurationList = D0699ECD1876E6BD0029F6FD /* Build configuration list for PBXProject "Blinc" */;
			compatibilityVersion = "Xcode 3.2";
			developmentRegion = English;
			hasScannedForEncodings = 0;
			knownRegions = (
				en,
			);
			mainGroup = D0699EC91876E6BD0029F6FD;
			productRefGroup = D0699ED31876E6BD0029F6FD /* Products */;
			projectDirPath = "";
			projectRoot = "";
			targets = (
				D0699ED11876E6BD0029F6FD /* Blinc */,
				D0699EEC1876E6BD0029F6FD /* BlincTests */,
			);
		};
/* End PBXProject section */

/* Begin PBXResourcesBuildPhase section */
		D0699ED01876E6BD0029F6FD /* Resources */ = {
			isa = PBXResourcesBuildPhase;
			buildActionMask = 2147483647;
			files = (
				D037FDAD188A2E8B009E36D3 /* cell@2x.png in Resources */,
				D026A8F51890F6D50094ACBD /* location-active@2x.png in Resources */,
				D0EB80B018892B7700120627 /* my-place@2x.png in Resources */,
				D0A289381891451E00F6463D /* cell-selection@2x.png in Resources */,
				D0C0E81318880C810025AE95 /* close@2x.png in Resources */,
				D0A2893C1891656A00F6463D /* see-rewards@2x.png in Resources */,
				D026A911189100850094ACBD /* info-scan@2x.png in Resources */,
				D0B9CFAD1888C2CE00FC636D /* register-button@2x.png in Resources */,
				D0BECBD21886CDF900D4A00F /* 1@2x.png in Resources */,
				D0EB80B218892E1600120627 /* my-place-active@2x.png in Resources */,
				D026A8F31890F51C0094ACBD /* scan_active@2x.png in Resources */,
				D0EB80B61889500700120627 /* overlay@2x.png in Resources */,
				D0699EE01876E6BD0029F6FD /* InfoPlist.strings in Resources */,
				D0A2893A1891642100F6463D /* point-here@2x.png in Resources */,
				D0B9CFAB1888B46600FC636D /* register-login-form@2x.png in Resources */,
				D0BECBD51886CDF900D4A00F /* register@2x.png in Resources */,
				D0EB80A91889234900120627 /* nav-qr@2x.png in Resources */,
				D0BECBD41886CDF900D4A00F /* login@2x.png in Resources */,
				D0EB80AD1889298700120627 /* location@2x.png in Resources */,
				D0BECBD31886CDF900D4A00F /* 1-568h@2x.png in Resources */,
				D0C0F5931888CC6000A67017 /* login-button@2x.png in Resources */,
				D0EB80B418894A0900120627 /* tab@2x.png in Resources */,
				D0BECB991886C7B100D4A00F /* ICETutorialController_iPhone.xib in Resources */,
				D0BECB8E1886BE4A00D4A00F /* navbar@2x.png in Resources */,
				D0EB80AE1889298700120627 /* scan@2x.png in Resources */,
				D0699F0F1876EABB0029F6FD /* blinc-bg@2x.png in Resources */,
				D0699EE81876E6BD0029F6FD /* Images.xcassets in Resources */,
				D0BECB9A1886C7B100D4A00F /* ICETutorialController_iPhone4.xib in Resources */,
			);
			runOnlyForDeploymentPostprocessing = 0;
		};
		D0699EEB1876E6BD0029F6FD /* Resources */ = {
			isa = PBXResourcesBuildPhase;
			buildActionMask = 2147483647;
			files = (
				D0699EF91876E6BD0029F6FD /* InfoPlist.strings in Resources */,
			);
			runOnlyForDeploymentPostprocessing = 0;
		};
/* End PBXResourcesBuildPhase section */

/* Begin PBXSourcesBuildPhase section */
		D0699ECE1876E6BD0029F6FD /* Sources */ = {
			isa = PBXSourcesBuildPhase;
			buildActionMask = 2147483647;
			files = (
				D0EB80A418891F2100120627 /* myPlaceViewController.m in Sources */,
				D00E84FB1892A96B00CA97D9 /* UIImageView+AFNetworking.m in Sources */,
				D0EB807C188913EE00120627 /* orc.m in Sources */,
				D0EE9F61188576CE001FF050 /* AFHTTPRequestOperation.m in Sources */,
				D037FDB1188A3732009E36D3 /* myplaceDetailViewController.m in Sources */,
				D0EB80A718891F4900120627 /* nearbyPlaceViewController.m in Sources */,
				D0EE9F2918856F13001FF050 /* blincLoginViewController.m in Sources */,
				D00E84F81892A96B00CA97D9 /* UIActivityIndicatorView+AFNetworking.m in Sources */,
				D0EE9F62188576CE001FF050 /* AFHTTPRequestOperationManager.m in Sources */,
				D026A9081890FA3A0094ACBD /* bitstream.c in Sources */,
				D0EE9F64188576CE001FF050 /* AFNetworkReachabilityManager.m in Sources */,
				D00E84FA1892A96B00CA97D9 /* UIButton+AFNetworking.m in Sources */,
				D0BECB941886C67A00D4A00F /* ICETutorialController.m in Sources */,
				D0EB80791889137D00120627 /* netraNetwork.m in Sources */,
				D026A9091890FA3A0094ACBD /* mask.c in Sources */,
				D0EE9F68188576CE001FF050 /* AFURLResponseSerialization.m in Sources */,
				D0928FBF189021B5001F185F /* RDVTabBarController.m in Sources */,
				D0C0E8111888035E0025AE95 /* blincRegisterViewController.m in Sources */,
				D00E84FD1892A96B00CA97D9 /* UIWebView+AFNetworking.m in Sources */,
				D0EE9F66188576CE001FF050 /* AFURLConnectionOperation.m in Sources */,
				D0EE9F65188576CE001FF050 /* AFSecurityPolicy.m in Sources */,
				D026A90B1890FA3A0094ACBD /* qrinput.c in Sources */,
				D0928FBE189021B5001F185F /* RDVTabBar.m in Sources */,
				D00E84F71892A96B00CA97D9 /* AFNetworkActivityIndicatorManager.m in Sources */,
				D026A90C1890FA3A0094ACBD /* qrspec.c in Sources */,
				D00E84FC1892A96B00CA97D9 /* UIProgressView+AFNetworking.m in Sources */,
				D026A90F1890FA3A0094ACBD /* UIImage+MDQRCode.m in Sources */,
				D0EE9F63188576CE001FF050 /* AFHTTPSessionManager.m in Sources */,
				D0EE9F67188576CE001FF050 /* AFURLRequestSerialization.m in Sources */,
				D0EB80BA1889517C00120627 /* blincCell.m in Sources */,
				D0EB80A118891F0E00120627 /* qrcodeViewController.m in Sources */,
				D0BECB951886C67A00D4A00F /* ICETutorialPage.m in Sources */,
				D026A90D1890FA3A0094ACBD /* rscode.c in Sources */,
				D00E84F91892A96B00CA97D9 /* UIAlertView+AFNetworking.m in Sources */,
				D0EE9F69188576CE001FF050 /* AFURLSessionManager.m in Sources */,
				D026A90A1890FA3A0094ACBD /* qrencode.c in Sources */,
				D0699EE21876E6BD0029F6FD /* main.m in Sources */,
				D0699EE61876E6BD0029F6FD /* blincAppDelegate.m in Sources */,
				D026A90E1890FA3A0094ACBD /* split.c in Sources */,
				D0C0F5971888CE2D00A67017 /* blincGate.m in Sources */,
				D0928FC0189021B5001F185F /* RDVTabBarItem.m in Sources */,
			);
			runOnlyForDeploymentPostprocessing = 0;
		};
		D0699EE91876E6BD0029F6FD /* Sources */ = {
			isa = PBXSourcesBuildPhase;
			buildActionMask = 2147483647;
			files = (
				D0699EFB1876E6BD0029F6FD /* BlincTests.m in Sources */,
			);
			runOnlyForDeploymentPostprocessing = 0;
		};
/* End PBXSourcesBuildPhase section */

/* Begin PBXTargetDependency section */
		D0699EF31876E6BD0029F6FD /* PBXTargetDependency */ = {
			isa = PBXTargetDependency;
			target = D0699ED11876E6BD0029F6FD /* Blinc */;
			targetProxy = D0699EF21876E6BD0029F6FD /* PBXContainerItemProxy */;
		};
/* End PBXTargetDependency section */

/* Begin PBXVariantGroup section */
		D0699EDE1876E6BD0029F6FD /* InfoPlist.strings */ = {
			isa = PBXVariantGroup;
			children = (
				D0699EDF1876E6BD0029F6FD /* en */,
			);
			name = InfoPlist.strings;
			sourceTree = "<group>";
		};
		D0699EF71876E6BD0029F6FD /* InfoPlist.strings */ = {
			isa = PBXVariantGroup;
			children = (
				D0699EF81876E6BD0029F6FD /* en */,
			);
			name = InfoPlist.strings;
			sourceTree = "<group>";
		};
/* End PBXVariantGroup section */

/* Begin XCBuildConfiguration section */
		D0699EFC1876E6BD0029F6FD /* Debug */ = {
			isa = XCBuildConfiguration;
			buildSettings = {
				ALWAYS_SEARCH_USER_PATHS = NO;
				ARCHS = "$(ARCHS_STANDARD_INCLUDING_64_BIT)";
				CLANG_CXX_LANGUAGE_STANDARD = "gnu++0x";
				CLANG_CXX_LIBRARY = "libc++";
				CLANG_ENABLE_MODULES = YES;
				CLANG_ENABLE_OBJC_ARC = YES;
				CLANG_WARN_BOOL_CONVERSION = YES;
				CLANG_WARN_CONSTANT_CONVERSION = YES;
				CLANG_WARN_DIRECT_OBJC_ISA_USAGE = YES_ERROR;
				CLANG_WARN_EMPTY_BODY = YES;
				CLANG_WARN_ENUM_CONVERSION = YES;
				CLANG_WARN_INT_CONVERSION = YES;
				CLANG_WARN_OBJC_ROOT_CLASS = YES_ERROR;
				CLANG_WARN__DUPLICATE_METHOD_MATCH = YES;
				"CODE_SIGN_IDENTITY[sdk=iphoneos*]" = "iPhone Developer";
				COPY_PHASE_STRIP = NO;
				GCC_C_LANGUAGE_STANDARD = gnu99;
				GCC_DYNAMIC_NO_PIC = NO;
				GCC_OPTIMIZATION_LEVEL = 0;
				GCC_PREPROCESSOR_DEFINITIONS = (
					"DEBUG=1",
					"$(inherited)",
				);
				GCC_SYMBOLS_PRIVATE_EXTERN = NO;
				GCC_WARN_64_TO_32_BIT_CONVERSION = YES;
				GCC_WARN_ABOUT_RETURN_TYPE = YES_ERROR;
				GCC_WARN_UNDECLARED_SELECTOR = YES;
				GCC_WARN_UNINITIALIZED_AUTOS = YES;
				GCC_WARN_UNUSED_FUNCTION = YES;
				GCC_WARN_UNUSED_VARIABLE = YES;
				IPHONEOS_DEPLOYMENT_TARGET = 7.0;
				ONLY_ACTIVE_ARCH = YES;
				SDKROOT = iphoneos;
			};
			name = Debug;
		};
		D0699EFD1876E6BD0029F6FD /* Release */ = {
			isa = XCBuildConfiguration;
			buildSettings = {
				ALWAYS_SEARCH_USER_PATHS = NO;
				ARCHS = "$(ARCHS_STANDARD_INCLUDING_64_BIT)";
				CLANG_CXX_LANGUAGE_STANDARD = "gnu++0x";
				CLANG_CXX_LIBRARY = "libc++";
				CLANG_ENABLE_MODULES = YES;
				CLANG_ENABLE_OBJC_ARC = YES;
				CLANG_WARN_BOOL_CONVERSION = YES;
				CLANG_WARN_CONSTANT_CONVERSION = YES;
				CLANG_WARN_DIRECT_OBJC_ISA_USAGE = YES_ERROR;
				CLANG_WARN_EMPTY_BODY = YES;
				CLANG_WARN_ENUM_CONVERSION = YES;
				CLANG_WARN_INT_CONVERSION = YES;
				CLANG_WARN_OBJC_ROOT_CLASS = YES_ERROR;
				CLANG_WARN__DUPLICATE_METHOD_MATCH = YES;
				"CODE_SIGN_IDENTITY[sdk=iphoneos*]" = "iPhone Developer";
				COPY_PHASE_STRIP = YES;
				ENABLE_NS_ASSERTIONS = NO;
				GCC_C_LANGUAGE_STANDARD = gnu99;
				GCC_WARN_64_TO_32_BIT_CONVERSION = YES;
				GCC_WARN_ABOUT_RETURN_TYPE = YES_ERROR;
				GCC_WARN_UNDECLARED_SELECTOR = YES;
				GCC_WARN_UNINITIALIZED_AUTOS = YES;
				GCC_WARN_UNUSED_FUNCTION = YES;
				GCC_WARN_UNUSED_VARIABLE = YES;
				IPHONEOS_DEPLOYMENT_TARGET = 7.0;
				SDKROOT = iphoneos;
				VALIDATE_PRODUCT = YES;
			};
			name = Release;
		};
		D0699EFF1876E6BD0029F6FD /* Debug */ = {
			isa = XCBuildConfiguration;
			buildSettings = {
				ASSETCATALOG_COMPILER_APPICON_NAME = AppIcon;
				ASSETCATALOG_COMPILER_LAUNCHIMAGE_NAME = LaunchImage;
				CODE_SIGN_IDENTITY = "iPhone Developer";
				GCC_PRECOMPILE_PREFIX_HEADER = YES;
				GCC_PREFIX_HEADER = "Blinc/Blinc-Prefix.pch";
				INFOPLIST_FILE = "Blinc/Blinc-Info.plist";
				LIBRARY_SEARCH_PATHS = (
					"$(inherited)",
					"/Users/macbookair/Documents/developer\\ /Project/ios/ODP/Blinc/Blinc/app/library/ZBarSDK",
				);
				PRODUCT_NAME = "$(TARGET_NAME)";
				WRAPPER_EXTENSION = app;
			};
			name = Debug;
		};
		D0699F001876E6BD0029F6FD /* Release */ = {
			isa = XCBuildConfiguration;
			buildSettings = {
				ASSETCATALOG_COMPILER_APPICON_NAME = AppIcon;
				ASSETCATALOG_COMPILER_LAUNCHIMAGE_NAME = LaunchImage;
				CODE_SIGN_IDENTITY = "iPhone Developer";
				GCC_PRECOMPILE_PREFIX_HEADER = YES;
				GCC_PREFIX_HEADER = "Blinc/Blinc-Prefix.pch";
				INFOPLIST_FILE = "Blinc/Blinc-Info.plist";
				LIBRARY_SEARCH_PATHS = (
					"$(inherited)",
					"/Users/macbookair/Documents/developer\\ /Project/ios/ODP/Blinc/Blinc/app/library/ZBarSDK",
				);
				PRODUCT_NAME = "$(TARGET_NAME)";
				WRAPPER_EXTENSION = app;
			};
			name = Release;
		};
		D0699F021876E6BD0029F6FD /* Debug */ = {
			isa = XCBuildConfiguration;
			buildSettings = {
				ARCHS = "$(ARCHS_STANDARD_INCLUDING_64_BIT)";
				BUNDLE_LOADER = "$(BUILT_PRODUCTS_DIR)/Blinc.app/Blinc";
				FRAMEWORK_SEARCH_PATHS = (
					"$(SDKROOT)/Developer/Library/Frameworks",
					"$(inherited)",
					"$(DEVELOPER_FRAMEWORKS_DIR)",
				);
				GCC_PRECOMPILE_PREFIX_HEADER = YES;
				GCC_PREFIX_HEADER = "Blinc/Blinc-Prefix.pch";
				GCC_PREPROCESSOR_DEFINITIONS = (
					"DEBUG=1",
					"$(inherited)",
				);
				INFOPLIST_FILE = "BlincTests/BlincTests-Info.plist";
				PRODUCT_NAME = "$(TARGET_NAME)";
				TEST_HOST = "$(BUNDLE_LOADER)";
				WRAPPER_EXTENSION = xctest;
			};
			name = Debug;
		};
		D0699F031876E6BD0029F6FD /* Release */ = {
			isa = XCBuildConfiguration;
			buildSettings = {
				ARCHS = "$(ARCHS_STANDARD_INCLUDING_64_BIT)";
				BUNDLE_LOADER = "$(BUILT_PRODUCTS_DIR)/Blinc.app/Blinc";
				FRAMEWORK_SEARCH_PATHS = (
					"$(SDKROOT)/Developer/Library/Frameworks",
					"$(inherited)",
					"$(DEVELOPER_FRAMEWORKS_DIR)",
				);
				GCC_PRECOMPILE_PREFIX_HEADER = YES;
				GCC_PREFIX_HEADER = "Blinc/Blinc-Prefix.pch";
				INFOPLIST_FILE = "BlincTests/BlincTests-Info.plist";
				PRODUCT_NAME = "$(TARGET_NAME)";
				TEST_HOST = "$(BUNDLE_LOADER)";
				WRAPPER_EXTENSION = xctest;
			};
			name = Release;
		};
/* End XCBuildConfiguration section */

/* Begin XCConfigurationList section */
		D0699ECD1876E6BD0029F6FD /* Build configuration list for PBXProject "Blinc" */ = {
			isa = XCConfigurationList;
			buildConfigurations = (
				D0699EFC1876E6BD0029F6FD /* Debug */,
				D0699EFD1876E6BD0029F6FD /* Release */,
			);
			defaultConfigurationIsVisible = 0;
			defaultConfigurationName = Release;
		};
		D0699EFE1876E6BD0029F6FD /* Build configuration list for PBXNativeTarget "Blinc" */ = {
			isa = XCConfigurationList;
			buildConfigurations = (
				D0699EFF1876E6BD0029F6FD /* Debug */,
				D0699F001876E6BD0029F6FD /* Release */,
			);
			defaultConfigurationIsVisible = 0;
			defaultConfigurationName = Release;
		};
		D0699F011876E6BD0029F6FD /* Build configuration list for PBXNativeTarget "BlincTests" */ = {
			isa = XCConfigurationList;
			buildConfigurations = (
				D0699F021876E6BD0029F6FD /* Debug */,
				D0699F031876E6BD0029F6FD /* Release */,
			);
			defaultConfigurationIsVisible = 0;
			defaultConfigurationName = Release;
		};
/* End XCConfigurationList section */
	};
	rootObject = D0699ECA1876E6BD0029F6FD /* Project object */;
}
